
Microsoft Visual Studio Solution File, Format Version 12.00
# Visual Studio Version 17
VisualStudioVersion = 17.8.34408.163
MinimumVisualStudioVersion = 10.0.40219.1
Project("{FAE04EC0-301F-11D3-BF4B-00C04F79EFBC}") = "Easy Swap", "Easy Swap.csproj", "{E3092892-8C2E-4984-9CFB-5C9EEDC22D08}"
EndProject
Global
	GlobalSection(SolutionConfigurationPlatforms) = preSolution
		Debug|Any CPU = Debug|Any CPU
		Release|Any CPU = Release|Any CPU
	EndGlobalSection
	GlobalSection(ProjectConfigurationPlatforms) = postSolution
		{E3092892-8C2E-4984-9CFB-5C9EEDC22D08}.Debug|Any CPU.ActiveCfg = Debug|Any CPU
		{E3092892-8C2E-4984-9CFB-5C9EEDC22D08}.Debug|Any CPU.Build.0 = Debug|Any CPU
		{E3092892-8C2E-4984-9CFB-5C9EEDC22D08}.Release|Any CPU.ActiveCfg = Release|Any CPU
		{E3092892-8C2E-4984-9CFB-5C9EEDC22D08}.Release|Any CPU.Build.0 = Release|Any CPU
	EndGlobalSection
	GlobalSection(SolutionProperties) = preSolution
		HideSolutionNode = FALSE
	EndGlobalSection
	GlobalSection(ExtensibilityGlobals) = postSolution
		SolutionGuid = {812F5227-F794-4A99-A298-E9AD96F3B6E9}
	EndGlobalSection
EndGlobal
